
Microsoft Visual Studio Solution File, Format Version 12.00
# Visual Studio Version 16
VisualStudioVersion = 16.0.30717.126
MinimumVisualStudioVersion = 10.0.40219.1
Project("{FAE04EC0-301F-11D3-BF4B-00C04F79EFBC}") = "МТМ701.7", "МТМ701.7\МТМ701.7.csproj", "{4F83200D-AF16-4A11-BA5C-5339A5EF87E1}"
EndProject
Global
	GlobalSection(SolutionConfigurationPlatforms) = preSolution
		Debug|Any CPU = Debug|Any CPU
		Release|Any CPU = Release|Any CPU
	EndGlobalSection
	GlobalSection(ProjectConfigurationPlatforms) = postSolution
		{4F83200D-AF16-4A11-BA5C-5339A5EF87E1}.Debug|Any CPU.ActiveCfg = Debug|Any CPU
		{4F83200D-AF16-4A11-BA5C-5339A5EF87E1}.Debug|Any CPU.Build.0 = Debug|Any CPU
		{4F83200D-AF16-4A11-BA5C-5339A5EF87E1}.Release|Any CPU.ActiveCfg = Release|Any CPU
		{4F83200D-AF16-4A11-BA5C-5339A5EF87E1}.Release|Any CPU.Build.0 = Release|Any CPU
	EndGlobalSection
	GlobalSection(SolutionProperties) = preSolution
		HideSolutionNode = FALSE
	EndGlobalSection
	GlobalSection(ExtensibilityGlobals) = postSolution
		SolutionGuid = {8F30C107-6214-4BC6-B2E4-0C02BD866B00}
	EndGlobalSection
EndGlobal
